
Microsoft Visual Studio Solution File, Format Version 12.00
# Visual Studio Version 17
VisualStudioVersion = 17.11.35312.102
MinimumVisualStudioVersion = 10.0.40219.1
Project("{8BC9CEB8-8B4A-11D0-8D11-00A0C91BC942}") = "SUGER", "SUGER.vcxproj", "{631ADB5E-AC5F-4E5A-899F-EC6D332DAF4C}"
EndProject
Project("{2150E333-8FDC-42A3-9474-1A3956D46DE8}") = "ソリューション項目", "ソリューション項目", "{9B649721-14A9-4A15-A458-37D3DD1023B6}"
	ProjectSection(SolutionItems) = preProject
		.editorconfig = .editorconfig
	EndProjectSection
EndProject
Project("{8BC9CEB8-8B4A-11D0-8D11-00A0C91BC942}") = "imgui", "externals\imgui\imgui.vcxproj", "{1B44F3B4-4E7F-4CFF-A61D-A5E8B1C44849}"
EndProject
Project("{8BC9CEB8-8B4A-11D0-8D11-00A0C91BC942}") = "DirectXTex", "externals\DirectXTex\DirectXTex_Desktop_2022_Win10.vcxproj", "{371B9FA9-4C90-4AC6-A123-ACED756D6C77}"
EndProject
Global
	GlobalSection(SolutionConfigurationPlatforms) = preSolution
		Debug|x64 = Debug|x64
		Profile|x64 = Profile|x64
		Release|x64 = Release|x64
	EndGlobalSection
	GlobalSection(ProjectConfigurationPlatforms) = postSolution
		{631ADB5E-AC5F-4E5A-899F-EC6D332DAF4C}.Debug|x64.ActiveCfg = Debug|x64
		{631ADB5E-AC5F-4E5A-899F-EC6D332DAF4C}.Debug|x64.Build.0 = Debug|x64
		{631ADB5E-AC5F-4E5A-899F-EC6D332DAF4C}.Profile|x64.ActiveCfg = Release|x64
		{631ADB5E-AC5F-4E5A-899F-EC6D332DAF4C}.Profile|x64.Build.0 = Release|x64
		{631ADB5E-AC5F-4E5A-899F-EC6D332DAF4C}.Release|x64.ActiveCfg = Release|x64
		{631ADB5E-AC5F-4E5A-899F-EC6D332DAF4C}.Release|x64.Build.0 = Release|x64
		{1B44F3B4-4E7F-4CFF-A61D-A5E8B1C44849}.Debug|x64.ActiveCfg = Debug|x64
		{1B44F3B4-4E7F-4CFF-A61D-A5E8B1C44849}.Debug|x64.Build.0 = Debug|x64
		{1B44F3B4-4E7F-4CFF-A61D-A5E8B1C44849}.Profile|x64.ActiveCfg = Release|x64
		{1B44F3B4-4E7F-4CFF-A61D-A5E8B1C44849}.Profile|x64.Build.0 = Release|x64
		{1B44F3B4-4E7F-4CFF-A61D-A5E8B1C44849}.Release|x64.ActiveCfg = Release|x64
		{1B44F3B4-4E7F-4CFF-A61D-A5E8B1C44849}.Release|x64.Build.0 = Release|x64
		{371B9FA9-4C90-4AC6-A123-ACED756D6C77}.Debug|x64.ActiveCfg = Debug|x64
		{371B9FA9-4C90-4AC6-A123-ACED756D6C77}.Debug|x64.Build.0 = Debug|x64
		{371B9FA9-4C90-4AC6-A123-ACED756D6C77}.Profile|x64.ActiveCfg = Profile|x64
		{371B9FA9-4C90-4AC6-A123-ACED756D6C77}.Profile|x64.Build.0 = Profile|x64
		{371B9FA9-4C90-4AC6-A123-ACED756D6C77}.Release|x64.ActiveCfg = Release|x64
		{371B9FA9-4C90-4AC6-A123-ACED756D6C77}.Release|x64.Build.0 = Release|x64
	EndGlobalSection
	GlobalSection(SolutionProperties) = preSolution
		HideSolutionNode = FALSE
	EndGlobalSection
	GlobalSection(ExtensibilityGlobals) = postSolution
		SolutionGuid = {96DBAAB4-7422-4A96-A13C-6056DCEB242F}
	EndGlobalSection
EndGlobal
