<?xml version="1.0" encoding="utf-8"?>
<Project ToolsVersion="4.0" xmlns="http://schemas.microsoft.com/developer/msbuild/2003">
  <ItemGroup>
    <Filter Include="engine">
      <UniqueIdentifier>{d1efecd4-6b6e-43bb-aefb-703fa4bd53df}</UniqueIdentifier>
    </Filter>
    <Filter Include="engine\tools">
      <UniqueIdentifier>{c99f3694-e6da-4654-a03d-740d87a1a660}</UniqueIdentifier>
    </Filter>
    <Filter Include="engine\manager">
      <UniqueIdentifier>{14188dd6-7b50-4d13-a611-8846a089a86f}</UniqueIdentifier>
    </Filter>
    <Filter Include="engine\manager\window">
      <UniqueIdentifier>{1b968b3b-d3a3-480d-a3c9-30320bb2b2e5}</UniqueIdentifier>
    </Filter>
    <Filter Include="engine\input">
      <UniqueIdentifier>{8ee11141-85c1-43fb-8b48-e353d310d470}</UniqueIdentifier>
    </Filter>
    <Filter Include="engine\input\direct">
      <UniqueIdentifier>{f3af9f91-07bb-457b-a5ae-a45945a3912b}</UniqueIdentifier>
    </Filter>
    <Filter Include="engine\include">
      <UniqueIdentifier>{5067b81e-e75a-4897-949e-1c6067d3a8a3}</UniqueIdentifier>
    </Filter>
    <Filter Include="engine\manager\imgui">
      <UniqueIdentifier>{e006ef4f-8eae-4962-bb3d-bd31cdadacaf}</UniqueIdentifier>
    </Filter>
    <Filter Include="engine\manager\directX">
      <UniqueIdentifier>{22bbc639-552b-4393-955d-6d6ee1aca93f}</UniqueIdentifier>
    </Filter>
    <Filter Include="engine\manager\dxgi">
      <UniqueIdentifier>{59fb8c8d-6a53-4f33-b45b-6d7f8c66c067}</UniqueIdentifier>
    </Filter>
    <Filter Include="engine\manager\srv">
      <UniqueIdentifier>{e5b4c463-83ed-44ce-b1a3-d5372506d32a}</UniqueIdentifier>
    </Filter>
    <Filter Include="engine\manager\directX\command">
      <UniqueIdentifier>{7d3fa0f0-231e-4f02-8b22-f4d9e8962f4c}</UniqueIdentifier>
    </Filter>
  </ItemGroup>
  <ItemGroup>
    <ClCompile Include="engine\tools\logger\Logger.cpp">
      <Filter>engine\tools</Filter>
    </ClCompile>
    <ClCompile Include="Engine\input\direct\DirectInput.cpp">
      <Filter>engine\input\direct</Filter>
    </ClCompile>
    <ClCompile Include="Engine\manager\directX\DirectXManager.cpp">
      <Filter>engine\manager\directX</Filter>
    </ClCompile>
    <ClCompile Include="Engine\manager\imgui\ImGuiManager.cpp">
      <Filter>engine\manager\imgui</Filter>
    </ClCompile>
    <ClCompile Include="Engine\manager\window\WindowManager.cpp">
      <Filter>engine\manager\window</Filter>
    </ClCompile>
    <ClCompile Include="Engine\manager\dxgi\DXGIManager.cpp">
      <Filter>engine\manager\dxgi</Filter>
    </ClCompile>
    <ClCompile Include="Engine\manager\srv\SRVManager.cpp">
      <Filter>engine\manager\srv</Filter>
    </ClCompile>
    <ClCompile Include="Engine\manager\directX\command\DirectXCommand.cpp">
      <Filter>engine\manager\directX\command</Filter>
    </ClCompile>
    <ClCompile Include="main.cpp" />
  </ItemGroup>
  <ItemGroup>
    <ClInclude Include="engine\tools\logger\Logger.h">
      <Filter>engine\tools</Filter>
    </ClInclude>
    <ClInclude Include="Engine\input\direct\DirectInput.h">
      <Filter>engine\input\direct</Filter>
    </ClInclude>
    <ClInclude Include="Engine\include\ComPtr.h">
      <Filter>engine\include</Filter>
    </ClInclude>
    <ClInclude Include="Engine\manager\directX\DirectXManager.h">
      <Filter>engine\manager\directX</Filter>
    </ClInclude>
    <ClInclude Include="Engine\manager\imgui\ImGuiManager.h">
      <Filter>engine\manager\imgui</Filter>
    </ClInclude>
    <ClInclude Include="Engine\manager\window\WindowManager.h">
      <Filter>engine\manager\window</Filter>
    </ClInclude>
    <ClInclude Include="Engine\manager\dxgi\DXGIManager.h">
      <Filter>engine\manager\dxgi</Filter>
    </ClInclude>
    <ClInclude Include="Engine\manager\srv\SRVManager.h">
      <Filter>engine\manager\srv</Filter>
    </ClInclude>
    <ClInclude Include="Engine\manager\directX\command\DirectXCommand.h">
      <Filter>engine\manager\directX\command</Filter>
    </ClInclude>
  </ItemGroup>
</Project>